
Microsoft Visual Studio Solution File, Format Version 12.00
# Visual Studio Version 17
VisualStudioVersion = 17.0.31903.59
MinimumVisualStudioVersion = 10.0.40219.1
Project("{FAE04EC0-301F-11D3-BF4B-00C04F79EFBC}") = "SimuladorBancario.API", "SimuladorBancario.API\SimuladorBancario.API.csproj", "{6A3BCA1B-9E67-47F7-B289-E28515AB596B}"
EndProject
Project("{FAE04EC0-301F-11D3-BF4B-00C04F79EFBC}") = "SimuladorBancario.Application", "SimuladorBancario.Application\SimuladorBancario.Application.csproj", "{45EB6517-B4D2-4154-8736-D67997D94CB6}"
EndProject
Project("{FAE04EC0-301F-11D3-BF4B-00C04F79EFBC}") = "SimuladorBancario.Domain", "SimuladorBancario.Domain\SimuladorBancario.Domain.csproj", "{C2EF9918-7C9D-4940-BC92-088013C20B64}"
EndProject
Project("{FAE04EC0-301F-11D3-BF4B-00C04F79EFBC}") = "SimuladorBancario.Infrastructure", "SimuladorBancario.Infrastructure\SimuladorBancario.Infrastructure.csproj", "{9B3D4FBD-ACBF-46CD-8320-55F0967A6A46}"
EndProject
Project("{FAE04EC0-301F-11D3-BF4B-00C04F79EFBC}") = "SimuladorBancario.Tests", "SimuladorBancario.Tests\SimuladorBancario.Tests.csproj", "{6FCF8E5F-AF64-4C23-85CC-F4F24BE45019}"
EndProject
Global
	GlobalSection(SolutionConfigurationPlatforms) = preSolution
		Debug|Any CPU = Debug|Any CPU
		Release|Any CPU = Release|Any CPU
	EndGlobalSection
	GlobalSection(SolutionProperties) = preSolution
		HideSolutionNode = FALSE
	EndGlobalSection
	GlobalSection(ProjectConfigurationPlatforms) = postSolution
		{6A3BCA1B-9E67-47F7-B289-E28515AB596B}.Debug|Any CPU.ActiveCfg = Debug|Any CPU
		{6A3BCA1B-9E67-47F7-B289-E28515AB596B}.Debug|Any CPU.Build.0 = Debug|Any CPU
		{6A3BCA1B-9E67-47F7-B289-E28515AB596B}.Release|Any CPU.ActiveCfg = Release|Any CPU
		{6A3BCA1B-9E67-47F7-B289-E28515AB596B}.Release|Any CPU.Build.0 = Release|Any CPU
		{45EB6517-B4D2-4154-8736-D67997D94CB6}.Debug|Any CPU.ActiveCfg = Debug|Any CPU
		{45EB6517-B4D2-4154-8736-D67997D94CB6}.Debug|Any CPU.Build.0 = Debug|Any CPU
		{45EB6517-B4D2-4154-8736-D67997D94CB6}.Release|Any CPU.ActiveCfg = Release|Any CPU
		{45EB6517-B4D2-4154-8736-D67997D94CB6}.Release|Any CPU.Build.0 = Release|Any CPU
		{C2EF9918-7C9D-4940-BC92-088013C20B64}.Debug|Any CPU.ActiveCfg = Debug|Any CPU
		{C2EF9918-7C9D-4940-BC92-088013C20B64}.Debug|Any CPU.Build.0 = Debug|Any CPU
		{C2EF9918-7C9D-4940-BC92-088013C20B64}.Release|Any CPU.ActiveCfg = Release|Any CPU
		{C2EF9918-7C9D-4940-BC92-088013C20B64}.Release|Any CPU.Build.0 = Release|Any CPU
		{9B3D4FBD-ACBF-46CD-8320-55F0967A6A46}.Debug|Any CPU.ActiveCfg = Debug|Any CPU
		{9B3D4FBD-ACBF-46CD-8320-55F0967A6A46}.Debug|Any CPU.Build.0 = Debug|Any CPU
		{9B3D4FBD-ACBF-46CD-8320-55F0967A6A46}.Release|Any CPU.ActiveCfg = Release|Any CPU
		{9B3D4FBD-ACBF-46CD-8320-55F0967A6A46}.Release|Any CPU.Build.0 = Release|Any CPU
		{6FCF8E5F-AF64-4C23-85CC-F4F24BE45019}.Debug|Any CPU.ActiveCfg = Debug|Any CPU
		{6FCF8E5F-AF64-4C23-85CC-F4F24BE45019}.Debug|Any CPU.Build.0 = Debug|Any CPU
		{6FCF8E5F-AF64-4C23-85CC-F4F24BE45019}.Release|Any CPU.ActiveCfg = Release|Any CPU
		{6FCF8E5F-AF64-4C23-85CC-F4F24BE45019}.Release|Any CPU.Build.0 = Release|Any CPU
	EndGlobalSection
EndGlobal
